Microsoft Visual Studio Solution File, Format Version 12.00
# Visual Studio Version 17
VisualStudioVersion = 17.5.2.0
MinimumVisualStudioVersion = 10.0.40219.1
Project("{FAE04EC0-301F-11D3-BF4B-00C04F79EFBC}") = "BTL-SA", "BTL-SA.csproj", "{79A8B42E-6033-D9B8-1BFE-45950B0E0607}"
EndProject
Global
	GlobalSection(SolutionConfigurationPlatforms) = preSolution
		Debug|Any CPU = Debug|Any CPU
		Release|Any CPU = Release|Any CPU
	EndGlobalSection
	GlobalSection(ProjectConfigurationPlatforms) = postSolution
		{79A8B42E-6033-D9B8-1BFE-45950B0E0607}.Debug|Any CPU.ActiveCfg = Debug|Any CPU
		{79A8B42E-6033-D9B8-1BFE-45950B0E0607}.Debug|Any CPU.Build.0 = Debug|Any CPU
		{79A8B42E-6033-D9B8-1BFE-45950B0E0607}.Release|Any CPU.ActiveCfg = Release|Any CPU
		{79A8B42E-6033-D9B8-1BFE-45950B0E0607}.Release|Any CPU.Build.0 = Release|Any CPU
	EndGlobalSection
	GlobalSection(SolutionProperties) = preSolution
		HideSolutionNode = FALSE
	EndGlobalSection
	GlobalSection(ExtensibilityGlobals) = postSolution
		SolutionGuid = {2E077A49-DAB4-4585-8765-E55EF1C6E9DC}
	EndGlobalSection
EndGlobal
